github.com/directoryxx/go-say-hello v1.0.0 h1:OQbIteBZDpQ4INxkjP3WvrnyZw0U3c9W0/vO5ICCqw4=
github.com/directoryxx/go-say-hello v1.0.0/go.mod h1:gyWpObu+a1SgsHbyn1IY70HiA623qLlXf2X5O86AjTE=
github.com/directoryxx/go-say-hello v1.5.0 h1:XzjkwSbUmjY9MAEsyxZqNUAmutpLxZeVVakZg4sWWYQ=
github.com/directoryxx/go-say-hello v1.5.0/go.mod h1:gyWpObu+a1SgsHbyn1IY70HiA623qLlXf2X5O86AjTE=
